
Microsoft Visual Studio Solution File, Format Version 12.00
# Visual Studio Version 17
VisualStudioVersion = 17.3.32825.248
MinimumVisualStudioVersion = 10.0.40219.1
Project("{FAE04EC0-301F-11D3-BF4B-00C04F79EFBC}") = "Part_2_Task_Boolean_33", "Part_2_Task_Boolean_33\Part_2_Task_Boolean_33.csproj", "{BAB1F7B3-8D61-4DFA-A9A6-5495B6B10FC8}"
EndProject
Global
	GlobalSection(SolutionConfigurationPlatforms) = preSolution
		Debug|Any CPU = Debug|Any CPU
		Release|Any CPU = Release|Any CPU
	EndGlobalSection
	GlobalSection(ProjectConfigurationPlatforms) = postSolution
		{BAB1F7B3-8D61-4DFA-A9A6-5495B6B10FC8}.Debug|Any CPU.ActiveCfg = Debug|Any CPU
		{BAB1F7B3-8D61-4DFA-A9A6-5495B6B10FC8}.Debug|Any CPU.Build.0 = Debug|Any CPU
		{BAB1F7B3-8D61-4DFA-A9A6-5495B6B10FC8}.Release|Any CPU.ActiveCfg = Release|Any CPU
		{BAB1F7B3-8D61-4DFA-A9A6-5495B6B10FC8}.Release|Any CPU.Build.0 = Release|Any CPU
	EndGlobalSection
	GlobalSection(SolutionProperties) = preSolution
		HideSolutionNode = FALSE
	EndGlobalSection
	GlobalSection(ExtensibilityGlobals) = postSolution
		SolutionGuid = {62FCBCB2-ACF2-4A97-8EA5-304AAAF47260}
	EndGlobalSection
EndGlobal
