
Microsoft Visual Studio Solution File, Format Version 12.00
# Visual Studio Version 17
VisualStudioVersion = 17.3.32825.248
MinimumVisualStudioVersion = 10.0.40219.1
Project("{FAE04EC0-301F-11D3-BF4B-00C04F79EFBC}") = "Part_2_Task_Array_103", "Part_2_Task_Array_103\Part_2_Task_Array_103.csproj", "{109CCE54-B10D-4D80-9309-04A46A0A7C4D}"
EndProject
Global
	GlobalSection(SolutionConfigurationPlatforms) = preSolution
		Debug|Any CPU = Debug|Any CPU
		Release|Any CPU = Release|Any CPU
	EndGlobalSection
	GlobalSection(ProjectConfigurationPlatforms) = postSolution
		{109CCE54-B10D-4D80-9309-04A46A0A7C4D}.Debug|Any CPU.ActiveCfg = Debug|Any CPU
		{109CCE54-B10D-4D80-9309-04A46A0A7C4D}.Debug|Any CPU.Build.0 = Debug|Any CPU
		{109CCE54-B10D-4D80-9309-04A46A0A7C4D}.Release|Any CPU.ActiveCfg = Release|Any CPU
		{109CCE54-B10D-4D80-9309-04A46A0A7C4D}.Release|Any CPU.Build.0 = Release|Any CPU
	EndGlobalSection
	GlobalSection(SolutionProperties) = preSolution
		HideSolutionNode = FALSE
	EndGlobalSection
	GlobalSection(ExtensibilityGlobals) = postSolution
		SolutionGuid = {465715FA-47A3-4D64-B8F6-44DA4DB57A3D}
	EndGlobalSection
EndGlobal
