
Microsoft Visual Studio Solution File, Format Version 12.00
# Visual Studio Version 17
VisualStudioVersion = 17.3.32825.248
MinimumVisualStudioVersion = 10.0.40219.1
Project("{FAE04EC0-301F-11D3-BF4B-00C04F79EFBC}") = "Part_2_Task_Array_3", "Part_2_Task_Array_3\Part_2_Task_Array_3.csproj", "{5132850B-9871-4119-A8CF-A1AE31553ED2}"
EndProject
Global
	GlobalSection(SolutionConfigurationPlatforms) = preSolution
		Debug|Any CPU = Debug|Any CPU
		Release|Any CPU = Release|Any CPU
	EndGlobalSection
	GlobalSection(ProjectConfigurationPlatforms) = postSolution
		{5132850B-9871-4119-A8CF-A1AE31553ED2}.Debug|Any CPU.ActiveCfg = Debug|Any CPU
		{5132850B-9871-4119-A8CF-A1AE31553ED2}.Debug|Any CPU.Build.0 = Debug|Any CPU
		{5132850B-9871-4119-A8CF-A1AE31553ED2}.Release|Any CPU.ActiveCfg = Release|Any CPU
		{5132850B-9871-4119-A8CF-A1AE31553ED2}.Release|Any CPU.Build.0 = Release|Any CPU
	EndGlobalSection
	GlobalSection(SolutionProperties) = preSolution
		HideSolutionNode = FALSE
	EndGlobalSection
	GlobalSection(ExtensibilityGlobals) = postSolution
		SolutionGuid = {DD1EADE3-28A3-4D69-AAF0-5ECAB30FE78A}
	EndGlobalSection
EndGlobal
