
Microsoft Visual Studio Solution File, Format Version 12.00
# Visual Studio Version 17
VisualStudioVersion = 17.3.32825.248
MinimumVisualStudioVersion = 10.0.40219.1
Project("{FAE04EC0-301F-11D3-BF4B-00C04F79EFBC}") = "Part_2_Task_Integer_23", "Part_2_Task_Integer_23\Part_2_Task_Integer_23.csproj", "{2BED5BBF-1264-45D3-9588-D840F8662CB3}"
EndProject
Global
	GlobalSection(SolutionConfigurationPlatforms) = preSolution
		Debug|Any CPU = Debug|Any CPU
		Release|Any CPU = Release|Any CPU
	EndGlobalSection
	GlobalSection(ProjectConfigurationPlatforms) = postSolution
		{2BED5BBF-1264-45D3-9588-D840F8662CB3}.Debug|Any CPU.ActiveCfg = Debug|Any CPU
		{2BED5BBF-1264-45D3-9588-D840F8662CB3}.Debug|Any CPU.Build.0 = Debug|Any CPU
		{2BED5BBF-1264-45D3-9588-D840F8662CB3}.Release|Any CPU.ActiveCfg = Release|Any CPU
		{2BED5BBF-1264-45D3-9588-D840F8662CB3}.Release|Any CPU.Build.0 = Release|Any CPU
	EndGlobalSection
	GlobalSection(SolutionProperties) = preSolution
		HideSolutionNode = FALSE
	EndGlobalSection
	GlobalSection(ExtensibilityGlobals) = postSolution
		SolutionGuid = {D19D99A0-8B6F-41BA-A1F5-6C2C50DBD501}
	EndGlobalSection
EndGlobal
