
Microsoft Visual Studio Solution File, Format Version 12.00
# Visual Studio Version 17
VisualStudioVersion = 17.3.32825.248
MinimumVisualStudioVersion = 10.0.40219.1
Project("{FAE04EC0-301F-11D3-BF4B-00C04F79EFBC}") = "Part_2_Task_Proc_13", "Part_2_Task_Proc_13\Part_2_Task_Proc_13.csproj", "{182FE834-97F5-49F7-A3F1-EC40FA98FE3F}"
EndProject
Global
	GlobalSection(SolutionConfigurationPlatforms) = preSolution
		Debug|Any CPU = Debug|Any CPU
		Release|Any CPU = Release|Any CPU
	EndGlobalSection
	GlobalSection(ProjectConfigurationPlatforms) = postSolution
		{182FE834-97F5-49F7-A3F1-EC40FA98FE3F}.Debug|Any CPU.ActiveCfg = Debug|Any CPU
		{182FE834-97F5-49F7-A3F1-EC40FA98FE3F}.Debug|Any CPU.Build.0 = Debug|Any CPU
		{182FE834-97F5-49F7-A3F1-EC40FA98FE3F}.Release|Any CPU.ActiveCfg = Release|Any CPU
		{182FE834-97F5-49F7-A3F1-EC40FA98FE3F}.Release|Any CPU.Build.0 = Release|Any CPU
	EndGlobalSection
	GlobalSection(SolutionProperties) = preSolution
		HideSolutionNode = FALSE
	EndGlobalSection
	GlobalSection(ExtensibilityGlobals) = postSolution
		SolutionGuid = {6F0EB5EA-D705-4C19-9614-6F55322EB8EE}
	EndGlobalSection
EndGlobal
