
Microsoft Visual Studio Solution File, Format Version 12.00
# Visual Studio Version 17
VisualStudioVersion = 17.3.32825.248
MinimumVisualStudioVersion = 10.0.40219.1
Project("{FAE04EC0-301F-11D3-BF4B-00C04F79EFBC}") = "Part_2_Task_Integer_3", "Part_2_Task_Integer_3\Part_2_Task_Integer_3.csproj", "{9D838DFD-7170-4237-B60F-B8BAED918617}"
EndProject
Global
	GlobalSection(SolutionConfigurationPlatforms) = preSolution
		Debug|Any CPU = Debug|Any CPU
		Release|Any CPU = Release|Any CPU
	EndGlobalSection
	GlobalSection(ProjectConfigurationPlatforms) = postSolution
		{9D838DFD-7170-4237-B60F-B8BAED918617}.Debug|Any CPU.ActiveCfg = Debug|Any CPU
		{9D838DFD-7170-4237-B60F-B8BAED918617}.Debug|Any CPU.Build.0 = Debug|Any CPU
		{9D838DFD-7170-4237-B60F-B8BAED918617}.Release|Any CPU.ActiveCfg = Release|Any CPU
		{9D838DFD-7170-4237-B60F-B8BAED918617}.Release|Any CPU.Build.0 = Release|Any CPU
	EndGlobalSection
	GlobalSection(SolutionProperties) = preSolution
		HideSolutionNode = FALSE
	EndGlobalSection
	GlobalSection(ExtensibilityGlobals) = postSolution
		SolutionGuid = {B30B12A2-0DA1-4EA6-A11F-5FD8012E8681}
	EndGlobalSection
EndGlobal
