
Microsoft Visual Studio Solution File, Format Version 12.00
# Visual Studio Version 17
VisualStudioVersion = 17.3.32825.248
MinimumVisualStudioVersion = 10.0.40219.1
Project("{FAE04EC0-301F-11D3-BF4B-00C04F79EFBC}") = "Part_2_Task_Begin_13", "Part_2_Task_Begin_13\Part_2_Task_Begin_13.csproj", "{7AC3EB3F-DF80-485A-B812-911B3C352D03}"
EndProject
Global
	GlobalSection(SolutionConfigurationPlatforms) = preSolution
		Debug|Any CPU = Debug|Any CPU
		Release|Any CPU = Release|Any CPU
	EndGlobalSection
	GlobalSection(ProjectConfigurationPlatforms) = postSolution
		{7AC3EB3F-DF80-485A-B812-911B3C352D03}.Debug|Any CPU.ActiveCfg = Debug|Any CPU
		{7AC3EB3F-DF80-485A-B812-911B3C352D03}.Debug|Any CPU.Build.0 = Debug|Any CPU
		{7AC3EB3F-DF80-485A-B812-911B3C352D03}.Release|Any CPU.ActiveCfg = Release|Any CPU
		{7AC3EB3F-DF80-485A-B812-911B3C352D03}.Release|Any CPU.Build.0 = Release|Any CPU
	EndGlobalSection
	GlobalSection(SolutionProperties) = preSolution
		HideSolutionNode = FALSE
	EndGlobalSection
	GlobalSection(ExtensibilityGlobals) = postSolution
		SolutionGuid = {907C45A4-E3B5-4A54-8743-35B72D2B8010}
	EndGlobalSection
EndGlobal
