
Microsoft Visual Studio Solution File, Format Version 12.00
# Visual Studio Version 17
VisualStudioVersion = 17.3.32825.248
MinimumVisualStudioVersion = 10.0.40219.1
Project("{FAE04EC0-301F-11D3-BF4B-00C04F79EFBC}") = "Part_2_Task_For_3", "Part_2_Task_For_3\Part_2_Task_For_3.csproj", "{E68E454C-6251-4D3E-9724-9926A73CBF91}"
EndProject
Global
	GlobalSection(SolutionConfigurationPlatforms) = preSolution
		Debug|Any CPU = Debug|Any CPU
		Release|Any CPU = Release|Any CPU
	EndGlobalSection
	GlobalSection(ProjectConfigurationPlatforms) = postSolution
		{E68E454C-6251-4D3E-9724-9926A73CBF91}.Debug|Any CPU.ActiveCfg = Debug|Any CPU
		{E68E454C-6251-4D3E-9724-9926A73CBF91}.Debug|Any CPU.Build.0 = Debug|Any CPU
		{E68E454C-6251-4D3E-9724-9926A73CBF91}.Release|Any CPU.ActiveCfg = Release|Any CPU
		{E68E454C-6251-4D3E-9724-9926A73CBF91}.Release|Any CPU.Build.0 = Release|Any CPU
	EndGlobalSection
	GlobalSection(SolutionProperties) = preSolution
		HideSolutionNode = FALSE
	EndGlobalSection
	GlobalSection(ExtensibilityGlobals) = postSolution
		SolutionGuid = {C7CE60E9-7D26-47B9-9864-206846A0BBF7}
	EndGlobalSection
EndGlobal
