
Microsoft Visual Studio Solution File, Format Version 12.00
# Visual Studio Version 17
VisualStudioVersion = 17.3.32825.248
MinimumVisualStudioVersion = 10.0.40219.1
Project("{FAE04EC0-301F-11D3-BF4B-00C04F79EFBC}") = "Part_2_Task_Array_33", "Part_2_Task_Array_33\Part_2_Task_Array_33.csproj", "{FBFD1242-0FFB-488B-B1E7-B433C39D974B}"
EndProject
Global
	GlobalSection(SolutionConfigurationPlatforms) = preSolution
		Debug|Any CPU = Debug|Any CPU
		Release|Any CPU = Release|Any CPU
	EndGlobalSection
	GlobalSection(ProjectConfigurationPlatforms) = postSolution
		{FBFD1242-0FFB-488B-B1E7-B433C39D974B}.Debug|Any CPU.ActiveCfg = Debug|Any CPU
		{FBFD1242-0FFB-488B-B1E7-B433C39D974B}.Debug|Any CPU.Build.0 = Debug|Any CPU
		{FBFD1242-0FFB-488B-B1E7-B433C39D974B}.Release|Any CPU.ActiveCfg = Release|Any CPU
		{FBFD1242-0FFB-488B-B1E7-B433C39D974B}.Release|Any CPU.Build.0 = Release|Any CPU
	EndGlobalSection
	GlobalSection(SolutionProperties) = preSolution
		HideSolutionNode = FALSE
	EndGlobalSection
	GlobalSection(ExtensibilityGlobals) = postSolution
		SolutionGuid = {E160C113-C6D2-4226-9AB9-FFF985482425}
	EndGlobalSection
EndGlobal
