
Microsoft Visual Studio Solution File, Format Version 12.00
# Visual Studio Version 17
VisualStudioVersion = 17.3.32825.248
MinimumVisualStudioVersion = 10.0.40219.1
Project("{FAE04EC0-301F-11D3-BF4B-00C04F79EFBC}") = "Part_2_Task_Boolean_13", "Part_2_Task_Boolean_13\Part_2_Task_Boolean_13.csproj", "{2A76D883-3CD3-4B12-AA8D-6C7014CCF290}"
EndProject
Global
	GlobalSection(SolutionConfigurationPlatforms) = preSolution
		Debug|Any CPU = Debug|Any CPU
		Release|Any CPU = Release|Any CPU
	EndGlobalSection
	GlobalSection(ProjectConfigurationPlatforms) = postSolution
		{2A76D883-3CD3-4B12-AA8D-6C7014CCF290}.Debug|Any CPU.ActiveCfg = Debug|Any CPU
		{2A76D883-3CD3-4B12-AA8D-6C7014CCF290}.Debug|Any CPU.Build.0 = Debug|Any CPU
		{2A76D883-3CD3-4B12-AA8D-6C7014CCF290}.Release|Any CPU.ActiveCfg = Release|Any CPU
		{2A76D883-3CD3-4B12-AA8D-6C7014CCF290}.Release|Any CPU.Build.0 = Release|Any CPU
	EndGlobalSection
	GlobalSection(SolutionProperties) = preSolution
		HideSolutionNode = FALSE
	EndGlobalSection
	GlobalSection(ExtensibilityGlobals) = postSolution
		SolutionGuid = {48095E0A-40B0-4B38-A372-798D32775FF3}
	EndGlobalSection
EndGlobal
