
Microsoft Visual Studio Solution File, Format Version 12.00
# Visual Studio Version 17
VisualStudioVersion = 17.3.32825.248
MinimumVisualStudioVersion = 10.0.40219.1
Project("{FAE04EC0-301F-11D3-BF4B-00C04F79EFBC}") = "Part_2_Task_MinMax_3", "Part_2_Task_MinMax_3\Part_2_Task_MinMax_3.csproj", "{1E78DC0C-A1B2-4B4F-B1D4-9C4E095A5822}"
EndProject
Global
	GlobalSection(SolutionConfigurationPlatforms) = preSolution
		Debug|Any CPU = Debug|Any CPU
		Release|Any CPU = Release|Any CPU
	EndGlobalSection
	GlobalSection(ProjectConfigurationPlatforms) = postSolution
		{1E78DC0C-A1B2-4B4F-B1D4-9C4E095A5822}.Debug|Any CPU.ActiveCfg = Debug|Any CPU
		{1E78DC0C-A1B2-4B4F-B1D4-9C4E095A5822}.Debug|Any CPU.Build.0 = Debug|Any CPU
		{1E78DC0C-A1B2-4B4F-B1D4-9C4E095A5822}.Release|Any CPU.ActiveCfg = Release|Any CPU
		{1E78DC0C-A1B2-4B4F-B1D4-9C4E095A5822}.Release|Any CPU.Build.0 = Release|Any CPU
	EndGlobalSection
	GlobalSection(SolutionProperties) = preSolution
		HideSolutionNode = FALSE
	EndGlobalSection
	GlobalSection(ExtensibilityGlobals) = postSolution
		SolutionGuid = {E8A2F51D-0E9A-4B61-8800-1E9E6AE24139}
	EndGlobalSection
EndGlobal
